{
  "name": "uni-map-choose-location",
  "version": "1.0.0",
  "lockfileVersion": 1,
  "requires": true,
  "dependencies": {
    "@vant/weapp": {
      "version": "1.0.7",
      "resolved": "https://registry.npmjs.org/@vant/weapp/-/weapp-1.0.7.tgz",
      "integrity": "sha512-F7gkcVKLTh4Pt17ukZnpZmn78CbtfmUtxSZif02ysyXZmqtAf1aAUffL3i1y+qzGWCXF4y/OVkOBVQVrKHI4MA=="
    },
    "dayjs": {
      "version": "1.8.22",
      "resolved": "https://registry.npmjs.org/dayjs/-/dayjs-1.8.22.tgz",
      "integrity": "sha512-N8IXfxBD62Y9cKTuuuSoOlCXRnnzaTj1vu91r855iq6FbY5cZqOZnW/95nUn6kJiR+W9PHHrLykEoQOe6fUKxQ=="
    },
    "lodash": {
      "version": "4.17.15",
      "resolved": "https://registry.npmjs.org/lodash/-/lodash-4.17.15.tgz",
      "integrity": "sha512-8xOcRHvCjnocdS5cpwXQXVzmmh5e5+saE2QGoeQmbKmRS6J3VQppPOIt0MnmE+4xlZoumy0GPG0D0MVIQbNA1A=="
    }
  }
}
